
Microsoft Visual Studio Solution File, Format Version 12.00
# Visual Studio Version 17
VisualStudioVersion = 17.0.32112.339
MinimumVisualStudioVersion = 10.0.40219.1
Project("{2150E333-8FDC-42A3-9474-1A3956D46DE8}") = "Chapter-0", "Chapter-0", "{6169AE4C-45BE-4872-A381-71C5CB426073}"
EndProject
Project("{8BC9CEB8-8B4A-11D0-8D11-00A0C91BC942}") = "HelloWorld", "HelloWorld\HelloWorld.vcxproj", "{619545D6-0218-4A34-A899-0182E4DBF6BB}"
EndProject
Project("{2150E333-8FDC-42A3-9474-1A3956D46DE8}") = "Chapter-1", "Chapter-1", "{0139748F-5301-4A9E-83B7-4492BADBD88D}"
EndProject
Project("{8BC9CEB8-8B4A-11D0-8D11-00A0C91BC942}") = "Basics", "Basics\Basics.vcxproj", "{EE1D67D0-A472-4C33-A9E8-8247BD59C632}"
EndProject
Project("{2150E333-8FDC-42A3-9474-1A3956D46DE8}") = "Chapter-2", "Chapter-2", "{0ED49507-4940-47C7-90BD-D5B1B44F69B3}"
EndProject
Project("{8BC9CEB8-8B4A-11D0-8D11-00A0C91BC942}") = "Basics Functions and Files", "Basics Functions and Files\Basics Functions and Files.vcxproj", "{88F26A68-1FD6-4330-BFFD-96CE0ED7B189}"
EndProject
Project("{2150E333-8FDC-42A3-9474-1A3956D46DE8}") = "Chapter-3", "Chapter-3", "{12F777C0-C32F-4CCD-9770-9C3CDBDAAA0F}"
EndProject
Project("{8BC9CEB8-8B4A-11D0-8D11-00A0C91BC942}") = "Debugging", "Debugging\Debugging.vcxproj", "{2228E77D-B482-43F1-99AE-BA6D9F85A425}"
EndProject
Project("{2150E333-8FDC-42A3-9474-1A3956D46DE8}") = "Chapter-4", "Chapter-4", "{0D924868-CCE9-45C4-AE7F-16442DE7A89E}"
EndProject
Project("{8BC9CEB8-8B4A-11D0-8D11-00A0C91BC942}") = "Fundamental Data Types", "Fundamental Data Types\Fundamental Data Types.vcxproj", "{F506BFD9-3AAD-4023-855F-CF900803ABBA}"
EndProject
Project("{2150E333-8FDC-42A3-9474-1A3956D46DE8}") = "Chapter-5", "Chapter-5", "{69106704-A55E-4D89-A8D8-70F2BFF0A6D5}"
EndProject
Project("{8BC9CEB8-8B4A-11D0-8D11-00A0C91BC942}") = "Operators", "Operators\Operators.vcxproj", "{07A6919F-A3E7-4531-8A2E-609F6D1EBDE5}"
EndProject
Project("{2150E333-8FDC-42A3-9474-1A3956D46DE8}") = "Chapter-O", "Chapter-O", "{37789A8C-8DC9-4482-9B8D-539ACC6454FA}"
EndProject
Project("{8BC9CEB8-8B4A-11D0-8D11-00A0C91BC942}") = "Bit Manipulation", "Bit Manipulation\Bit Manipulation.vcxproj", "{E0ADA333-F56F-4FD2-8429-22571B0CD2EC}"
EndProject
Project("{2150E333-8FDC-42A3-9474-1A3956D46DE8}") = "Chapter-6", "Chapter-6", "{52986465-EDF0-4ED5-90B4-BA58D20F7289}"
EndProject
Project("{8BC9CEB8-8B4A-11D0-8D11-00A0C91BC942}") = "Scope Duration and Linkage", "Scope Duration and Linkage\Scope Duration and Linkage.vcxproj", "{D9D7179A-F9DC-4595-9C15-00E700A1C2F4}"
EndProject
Project("{2150E333-8FDC-42A3-9474-1A3956D46DE8}") = "Chapter-7", "Chapter-7", "{57001A98-42AB-45C8-B272-801847AF70AD}"
EndProject
Project("{8BC9CEB8-8B4A-11D0-8D11-00A0C91BC942}") = "Control Flow and Error Handling", "Control Flow and Error Handling\Control Flow and Error Handling.vcxproj", "{5E48C61B-0F67-4D84-BB0E-CAAB3C91886E}"
EndProject
Project("{2150E333-8FDC-42A3-9474-1A3956D46DE8}") = "Chapter-8", "Chapter-8", "{67D1827E-E59D-4949-BE75-092DD29E7E49}"
EndProject
Project("{8BC9CEB8-8B4A-11D0-8D11-00A0C91BC942}") = "Type Conversion and Function Overloading", "Type Conversion and Function Overloading\Type Conversion and Function Overloading.vcxproj", "{E04414CC-0733-491E-A886-53C9439748D1}"
EndProject
Project("{2150E333-8FDC-42A3-9474-1A3956D46DE8}") = "Chapter-9", "Chapter-9", "{F13DAFDF-B3F5-4B7B-835C-4EA277E0F0B5}"
EndProject
Project("{8BC9CEB8-8B4A-11D0-8D11-00A0C91BC942}") = "Compound Types References and Pointers", "Compound Types References and Pointers\Compound Types References and Pointers.vcxproj", "{343BD5D6-EE14-4460-BD1E-3000801F1805}"
EndProject
Project("{2150E333-8FDC-42A3-9474-1A3956D46DE8}") = "Chapter-10", "Chapter-10", "{38B080EC-2868-4F37-8B2E-96242EE5AE7D}"
EndProject
Project("{8BC9CEB8-8B4A-11D0-8D11-00A0C91BC942}") = "Compound Types Enums and Structs", "Compound Types Enums and Structs\Compound Types Enums and Structs.vcxproj", "{1B1B6961-79F6-479F-9A94-1DDDA67260B5}"
EndProject
Project("{2150E333-8FDC-42A3-9474-1A3956D46DE8}") = "Chapter-11", "Chapter-11", "{A7C1CECB-478C-4CF5-95F7-6AAAD462ECC0}"
EndProject
Project("{8BC9CEB8-8B4A-11D0-8D11-00A0C91BC942}") = "Arrays Strings and Dynamic Allocation", "Arrays Pt1\Arrays Pt1.vcxproj", "{7F4BE5EB-D901-459B-BB56-AEB8171EE5C1}"
EndProject
Project("{2150E333-8FDC-42A3-9474-1A3956D46DE8}") = "Chapter-12", "Chapter-12", "{1C598549-FF22-488B-9598-2591CDE40C3E}"
EndProject
Project("{8BC9CEB8-8B4A-11D0-8D11-00A0C91BC942}") = "Functions", "Functions\Functions.vcxproj", "{2D35A726-40CD-4BDA-A127-BF8768DB88CE}"
EndProject
Project("{2150E333-8FDC-42A3-9474-1A3956D46DE8}") = "Chapter-13", "Chapter-13", "{774EC6BB-AE88-47BA-96DD-ED72D7634C85}"
EndProject
Project("{8BC9CEB8-8B4A-11D0-8D11-00A0C91BC942}") = "Basic OOP", "Basic OOP\Basic OOP.vcxproj", "{23DB6590-A9A3-413D-A886-7460A5D49BE3}"
EndProject
Project("{2150E333-8FDC-42A3-9474-1A3956D46DE8}") = "Chapter-14", "Chapter-14", "{120EB0C0-9959-404E-B7A3-D7D11EB29860}"
EndProject
Project("{8BC9CEB8-8B4A-11D0-8D11-00A0C91BC942}") = "Intro to operation overloading", "Intro to operation overloading\Intro to operation overloading.vcxproj", "{0085564B-EA29-4B18-9F36-7328A736F9DB}"
EndProject
Project("{2150E333-8FDC-42A3-9474-1A3956D46DE8}") = "Chapter-16", "Chapter-16", "{4C5921DD-529C-4EA9-8D5B-C71B7D78ED4E}"
EndProject
Project("{8BC9CEB8-8B4A-11D0-8D11-00A0C91BC942}") = "Object Relationships", "Object Relationships\Object Relationships.vcxproj", "{B283539E-E5BE-4B3D-B57B-078F8BF7713A}"
EndProject
Project("{2150E333-8FDC-42A3-9474-1A3956D46DE8}") = "Chapter-17", "Chapter-17", "{928F0B0C-5E48-42C4-9B22-D81DED1EC892}"
EndProject
Project("{8BC9CEB8-8B4A-11D0-8D11-00A0C91BC942}") = "Inheritance", "Inheritance\Inheritance.vcxproj", "{83C4618F-3DAF-434C-BF85-E157102BFCDE}"
EndProject
Global
	GlobalSection(SolutionConfigurationPlatforms) = preSolution
		Debug|x64 = Debug|x64
		Debug|x86 = Debug|x86
		Release|x64 = Release|x64
		Release|x86 = Release|x86
	EndGlobalSection
	GlobalSection(ProjectConfigurationPlatforms) = postSolution
		{619545D6-0218-4A34-A899-0182E4DBF6BB}.Debug|x64.ActiveCfg = Debug|x64
		{619545D6-0218-4A34-A899-0182E4DBF6BB}.Debug|x64.Build.0 = Debug|x64
		{619545D6-0218-4A34-A899-0182E4DBF6BB}.Debug|x86.ActiveCfg = Debug|Win32
		{619545D6-0218-4A34-A899-0182E4DBF6BB}.Debug|x86.Build.0 = Debug|Win32
		{619545D6-0218-4A34-A899-0182E4DBF6BB}.Release|x64.ActiveCfg = Release|x64
		{619545D6-0218-4A34-A899-0182E4DBF6BB}.Release|x64.Build.0 = Release|x64
		{619545D6-0218-4A34-A899-0182E4DBF6BB}.Release|x86.ActiveCfg = Release|Win32
		{619545D6-0218-4A34-A899-0182E4DBF6BB}.Release|x86.Build.0 = Release|Win32
		{EE1D67D0-A472-4C33-A9E8-8247BD59C632}.Debug|x64.ActiveCfg = Debug|x64
		{EE1D67D0-A472-4C33-A9E8-8247BD59C632}.Debug|x64.Build.0 = Debug|x64
		{EE1D67D0-A472-4C33-A9E8-8247BD59C632}.Debug|x86.ActiveCfg = Debug|Win32
		{EE1D67D0-A472-4C33-A9E8-8247BD59C632}.Debug|x86.Build.0 = Debug|Win32
		{EE1D67D0-A472-4C33-A9E8-8247BD59C632}.Release|x64.ActiveCfg = Release|x64
		{EE1D67D0-A472-4C33-A9E8-8247BD59C632}.Release|x64.Build.0 = Release|x64
		{EE1D67D0-A472-4C33-A9E8-8247BD59C632}.Release|x86.ActiveCfg = Release|Win32
		{EE1D67D0-A472-4C33-A9E8-8247BD59C632}.Release|x86.Build.0 = Release|Win32
		{88F26A68-1FD6-4330-BFFD-96CE0ED7B189}.Debug|x64.ActiveCfg = Debug|x64
		{88F26A68-1FD6-4330-BFFD-96CE0ED7B189}.Debug|x64.Build.0 = Debug|x64
		{88F26A68-1FD6-4330-BFFD-96CE0ED7B189}.Debug|x86.ActiveCfg = Debug|Win32
		{88F26A68-1FD6-4330-BFFD-96CE0ED7B189}.Debug|x86.Build.0 = Debug|Win32
		{88F26A68-1FD6-4330-BFFD-96CE0ED7B189}.Release|x64.ActiveCfg = Release|x64
		{88F26A68-1FD6-4330-BFFD-96CE0ED7B189}.Release|x64.Build.0 = Release|x64
		{88F26A68-1FD6-4330-BFFD-96CE0ED7B189}.Release|x86.ActiveCfg = Release|Win32
		{88F26A68-1FD6-4330-BFFD-96CE0ED7B189}.Release|x86.Build.0 = Release|Win32
		{2228E77D-B482-43F1-99AE-BA6D9F85A425}.Debug|x64.ActiveCfg = Debug|x64
		{2228E77D-B482-43F1-99AE-BA6D9F85A425}.Debug|x64.Build.0 = Debug|x64
		{2228E77D-B482-43F1-99AE-BA6D9F85A425}.Debug|x86.ActiveCfg = Debug|Win32
		{2228E77D-B482-43F1-99AE-BA6D9F85A425}.Debug|x86.Build.0 = Debug|Win32
		{2228E77D-B482-43F1-99AE-BA6D9F85A425}.Release|x64.ActiveCfg = Release|x64
		{2228E77D-B482-43F1-99AE-BA6D9F85A425}.Release|x64.Build.0 = Release|x64
		{2228E77D-B482-43F1-99AE-BA6D9F85A425}.Release|x86.ActiveCfg = Release|Win32
		{2228E77D-B482-43F1-99AE-BA6D9F85A425}.Release|x86.Build.0 = Release|Win32
		{F506BFD9-3AAD-4023-855F-CF900803ABBA}.Debug|x64.ActiveCfg = Debug|x64
		{F506BFD9-3AAD-4023-855F-CF900803ABBA}.Debug|x64.Build.0 = Debug|x64
		{F506BFD9-3AAD-4023-855F-CF900803ABBA}.Debug|x86.ActiveCfg = Debug|Win32
		{F506BFD9-3AAD-4023-855F-CF900803ABBA}.Debug|x86.Build.0 = Debug|Win32
		{F506BFD9-3AAD-4023-855F-CF900803ABBA}.Release|x64.ActiveCfg = Release|x64
		{F506BFD9-3AAD-4023-855F-CF900803ABBA}.Release|x64.Build.0 = Release|x64
		{F506BFD9-3AAD-4023-855F-CF900803ABBA}.Release|x86.ActiveCfg = Release|Win32
		{F506BFD9-3AAD-4023-855F-CF900803ABBA}.Release|x86.Build.0 = Release|Win32
		{07A6919F-A3E7-4531-8A2E-609F6D1EBDE5}.Debug|x64.ActiveCfg = Debug|x64
		{07A6919F-A3E7-4531-8A2E-609F6D1EBDE5}.Debug|x64.Build.0 = Debug|x64
		{07A6919F-A3E7-4531-8A2E-609F6D1EBDE5}.Debug|x86.ActiveCfg = Debug|Win32
		{07A6919F-A3E7-4531-8A2E-609F6D1EBDE5}.Debug|x86.Build.0 = Debug|Win32
		{07A6919F-A3E7-4531-8A2E-609F6D1EBDE5}.Release|x64.ActiveCfg = Release|x64
		{07A6919F-A3E7-4531-8A2E-609F6D1EBDE5}.Release|x64.Build.0 = Release|x64
		{07A6919F-A3E7-4531-8A2E-609F6D1EBDE5}.Release|x86.ActiveCfg = Release|Win32
		{07A6919F-A3E7-4531-8A2E-609F6D1EBDE5}.Release|x86.Build.0 = Release|Win32
		{E0ADA333-F56F-4FD2-8429-22571B0CD2EC}.Debug|x64.ActiveCfg = Debug|x64
		{E0ADA333-F56F-4FD2-8429-22571B0CD2EC}.Debug|x64.Build.0 = Debug|x64
		{E0ADA333-F56F-4FD2-8429-22571B0CD2EC}.Debug|x86.ActiveCfg = Debug|Win32
		{E0ADA333-F56F-4FD2-8429-22571B0CD2EC}.Debug|x86.Build.0 = Debug|Win32
		{E0ADA333-F56F-4FD2-8429-22571B0CD2EC}.Release|x64.ActiveCfg = Release|x64
		{E0ADA333-F56F-4FD2-8429-22571B0CD2EC}.Release|x64.Build.0 = Release|x64
		{E0ADA333-F56F-4FD2-8429-22571B0CD2EC}.Release|x86.ActiveCfg = Release|Win32
		{E0ADA333-F56F-4FD2-8429-22571B0CD2EC}.Release|x86.Build.0 = Release|Win32
		{D9D7179A-F9DC-4595-9C15-00E700A1C2F4}.Debug|x64.ActiveCfg = Debug|x64
		{D9D7179A-F9DC-4595-9C15-00E700A1C2F4}.Debug|x64.Build.0 = Debug|x64
		{D9D7179A-F9DC-4595-9C15-00E700A1C2F4}.Debug|x86.ActiveCfg = Debug|Win32
		{D9D7179A-F9DC-4595-9C15-00E700A1C2F4}.Debug|x86.Build.0 = Debug|Win32
		{D9D7179A-F9DC-4595-9C15-00E700A1C2F4}.Release|x64.ActiveCfg = Release|x64
		{D9D7179A-F9DC-4595-9C15-00E700A1C2F4}.Release|x64.Build.0 = Release|x64
		{D9D7179A-F9DC-4595-9C15-00E700A1C2F4}.Release|x86.ActiveCfg = Release|Win32
		{D9D7179A-F9DC-4595-9C15-00E700A1C2F4}.Release|x86.Build.0 = Release|Win32
		{5E48C61B-0F67-4D84-BB0E-CAAB3C91886E}.Debug|x64.ActiveCfg = Debug|x64
		{5E48C61B-0F67-4D84-BB0E-CAAB3C91886E}.Debug|x64.Build.0 = Debug|x64
		{5E48C61B-0F67-4D84-BB0E-CAAB3C91886E}.Debug|x86.ActiveCfg = Debug|Win32
		{5E48C61B-0F67-4D84-BB0E-CAAB3C91886E}.Debug|x86.Build.0 = Debug|Win32
		{5E48C61B-0F67-4D84-BB0E-CAAB3C91886E}.Release|x64.ActiveCfg = Release|x64
		{5E48C61B-0F67-4D84-BB0E-CAAB3C91886E}.Release|x64.Build.0 = Release|x64
		{5E48C61B-0F67-4D84-BB0E-CAAB3C91886E}.Release|x86.ActiveCfg = Release|Win32
		{5E48C61B-0F67-4D84-BB0E-CAAB3C91886E}.Release|x86.Build.0 = Release|Win32
		{E04414CC-0733-491E-A886-53C9439748D1}.Debug|x64.ActiveCfg = Debug|x64
		{E04414CC-0733-491E-A886-53C9439748D1}.Debug|x64.Build.0 = Debug|x64
		{E04414CC-0733-491E-A886-53C9439748D1}.Debug|x86.ActiveCfg = Debug|Win32
		{E04414CC-0733-491E-A886-53C9439748D1}.Debug|x86.Build.0 = Debug|Win32
		{E04414CC-0733-491E-A886-53C9439748D1}.Release|x64.ActiveCfg = Release|x64
		{E04414CC-0733-491E-A886-53C9439748D1}.Release|x64.Build.0 = Release|x64
		{E04414CC-0733-491E-A886-53C9439748D1}.Release|x86.ActiveCfg = Release|Win32
		{E04414CC-0733-491E-A886-53C9439748D1}.Release|x86.Build.0 = Release|Win32
		{343BD5D6-EE14-4460-BD1E-3000801F1805}.Debug|x64.ActiveCfg = Debug|x64
		{343BD5D6-EE14-4460-BD1E-3000801F1805}.Debug|x64.Build.0 = Debug|x64
		{343BD5D6-EE14-4460-BD1E-3000801F1805}.Debug|x86.ActiveCfg = Debug|Win32
		{343BD5D6-EE14-4460-BD1E-3000801F1805}.Debug|x86.Build.0 = Debug|Win32
		{343BD5D6-EE14-4460-BD1E-3000801F1805}.Release|x64.ActiveCfg = Release|x64
		{343BD5D6-EE14-4460-BD1E-3000801F1805}.Release|x64.Build.0 = Release|x64
		{343BD5D6-EE14-4460-BD1E-3000801F1805}.Release|x86.ActiveCfg = Release|Win32
		{343BD5D6-EE14-4460-BD1E-3000801F1805}.Release|x86.Build.0 = Release|Win32
		{1B1B6961-79F6-479F-9A94-1DDDA67260B5}.Debug|x64.ActiveCfg = Debug|x64
		{1B1B6961-79F6-479F-9A94-1DDDA67260B5}.Debug|x64.Build.0 = Debug|x64
		{1B1B6961-79F6-479F-9A94-1DDDA67260B5}.Debug|x86.ActiveCfg = Debug|Win32
		{1B1B6961-79F6-479F-9A94-1DDDA67260B5}.Debug|x86.Build.0 = Debug|Win32
		{1B1B6961-79F6-479F-9A94-1DDDA67260B5}.Release|x64.ActiveCfg = Release|x64
		{1B1B6961-79F6-479F-9A94-1DDDA67260B5}.Release|x64.Build.0 = Release|x64
		{1B1B6961-79F6-479F-9A94-1DDDA67260B5}.Release|x86.ActiveCfg = Release|Win32
		{1B1B6961-79F6-479F-9A94-1DDDA67260B5}.Release|x86.Build.0 = Release|Win32
		{7F4BE5EB-D901-459B-BB56-AEB8171EE5C1}.Debug|x64.ActiveCfg = Debug|x64
		{7F4BE5EB-D901-459B-BB56-AEB8171EE5C1}.Debug|x64.Build.0 = Debug|x64
		{7F4BE5EB-D901-459B-BB56-AEB8171EE5C1}.Debug|x86.ActiveCfg = Debug|Win32
		{7F4BE5EB-D901-459B-BB56-AEB8171EE5C1}.Debug|x86.Build.0 = Debug|Win32
		{7F4BE5EB-D901-459B-BB56-AEB8171EE5C1}.Release|x64.ActiveCfg = Release|x64
		{7F4BE5EB-D901-459B-BB56-AEB8171EE5C1}.Release|x64.Build.0 = Release|x64
		{7F4BE5EB-D901-459B-BB56-AEB8171EE5C1}.Release|x86.ActiveCfg = Release|Win32
		{7F4BE5EB-D901-459B-BB56-AEB8171EE5C1}.Release|x86.Build.0 = Release|Win32
		{2D35A726-40CD-4BDA-A127-BF8768DB88CE}.Debug|x64.ActiveCfg = Debug|x64
		{2D35A726-40CD-4BDA-A127-BF8768DB88CE}.Debug|x64.Build.0 = Debug|x64
		{2D35A726-40CD-4BDA-A127-BF8768DB88CE}.Debug|x86.ActiveCfg = Debug|Win32
		{2D35A726-40CD-4BDA-A127-BF8768DB88CE}.Debug|x86.Build.0 = Debug|Win32
		{2D35A726-40CD-4BDA-A127-BF8768DB88CE}.Release|x64.ActiveCfg = Release|x64
		{2D35A726-40CD-4BDA-A127-BF8768DB88CE}.Release|x64.Build.0 = Release|x64
		{2D35A726-40CD-4BDA-A127-BF8768DB88CE}.Release|x86.ActiveCfg = Release|Win32
		{2D35A726-40CD-4BDA-A127-BF8768DB88CE}.Release|x86.Build.0 = Release|Win32
		{23DB6590-A9A3-413D-A886-7460A5D49BE3}.Debug|x64.ActiveCfg = Debug|x64
		{23DB6590-A9A3-413D-A886-7460A5D49BE3}.Debug|x64.Build.0 = Debug|x64
		{23DB6590-A9A3-413D-A886-7460A5D49BE3}.Debug|x86.ActiveCfg = Debug|Win32
		{23DB6590-A9A3-413D-A886-7460A5D49BE3}.Debug|x86.Build.0 = Debug|Win32
		{23DB6590-A9A3-413D-A886-7460A5D49BE3}.Release|x64.ActiveCfg = Release|x64
		{23DB6590-A9A3-413D-A886-7460A5D49BE3}.Release|x64.Build.0 = Release|x64
		{23DB6590-A9A3-413D-A886-7460A5D49BE3}.Release|x86.ActiveCfg = Release|Win32
		{23DB6590-A9A3-413D-A886-7460A5D49BE3}.Release|x86.Build.0 = Release|Win32
		{0085564B-EA29-4B18-9F36-7328A736F9DB}.Debug|x64.ActiveCfg = Debug|x64
		{0085564B-EA29-4B18-9F36-7328A736F9DB}.Debug|x64.Build.0 = Debug|x64
		{0085564B-EA29-4B18-9F36-7328A736F9DB}.Debug|x86.ActiveCfg = Debug|Win32
		{0085564B-EA29-4B18-9F36-7328A736F9DB}.Debug|x86.Build.0 = Debug|Win32
		{0085564B-EA29-4B18-9F36-7328A736F9DB}.Release|x64.ActiveCfg = Release|x64
		{0085564B-EA29-4B18-9F36-7328A736F9DB}.Release|x64.Build.0 = Release|x64
		{0085564B-EA29-4B18-9F36-7328A736F9DB}.Release|x86.ActiveCfg = Release|Win32
		{0085564B-EA29-4B18-9F36-7328A736F9DB}.Release|x86.Build.0 = Release|Win32
		{B283539E-E5BE-4B3D-B57B-078F8BF7713A}.Debug|x64.ActiveCfg = Debug|x64
		{B283539E-E5BE-4B3D-B57B-078F8BF7713A}.Debug|x64.Build.0 = Debug|x64
		{B283539E-E5BE-4B3D-B57B-078F8BF7713A}.Debug|x86.ActiveCfg = Debug|Win32
		{B283539E-E5BE-4B3D-B57B-078F8BF7713A}.Debug|x86.Build.0 = Debug|Win32
		{B283539E-E5BE-4B3D-B57B-078F8BF7713A}.Release|x64.ActiveCfg = Release|x64
		{B283539E-E5BE-4B3D-B57B-078F8BF7713A}.Release|x64.Build.0 = Release|x64
		{B283539E-E5BE-4B3D-B57B-078F8BF7713A}.Release|x86.ActiveCfg = Release|Win32
		{B283539E-E5BE-4B3D-B57B-078F8BF7713A}.Release|x86.Build.0 = Release|Win32
		{83C4618F-3DAF-434C-BF85-E157102BFCDE}.Debug|x64.ActiveCfg = Debug|x64
		{83C4618F-3DAF-434C-BF85-E157102BFCDE}.Debug|x64.Build.0 = Debug|x64
		{83C4618F-3DAF-434C-BF85-E157102BFCDE}.Debug|x86.ActiveCfg = Debug|Win32
		{83C4618F-3DAF-434C-BF85-E157102BFCDE}.Debug|x86.Build.0 = Debug|Win32
		{83C4618F-3DAF-434C-BF85-E157102BFCDE}.Release|x64.ActiveCfg = Release|x64
		{83C4618F-3DAF-434C-BF85-E157102BFCDE}.Release|x64.Build.0 = Release|x64
		{83C4618F-3DAF-434C-BF85-E157102BFCDE}.Release|x86.ActiveCfg = Release|Win32
		{83C4618F-3DAF-434C-BF85-E157102BFCDE}.Release|x86.Build.0 = Release|Win32
	EndGlobalSection
	GlobalSection(SolutionProperties) = preSolution
		HideSolutionNode = FALSE
	EndGlobalSection
	GlobalSection(NestedProjects) = preSolution
		{619545D6-0218-4A34-A899-0182E4DBF6BB} = {6169AE4C-45BE-4872-A381-71C5CB426073}
		{EE1D67D0-A472-4C33-A9E8-8247BD59C632} = {0139748F-5301-4A9E-83B7-4492BADBD88D}
		{88F26A68-1FD6-4330-BFFD-96CE0ED7B189} = {0ED49507-4940-47C7-90BD-D5B1B44F69B3}
		{2228E77D-B482-43F1-99AE-BA6D9F85A425} = {12F777C0-C32F-4CCD-9770-9C3CDBDAAA0F}
		{F506BFD9-3AAD-4023-855F-CF900803ABBA} = {0D924868-CCE9-45C4-AE7F-16442DE7A89E}
		{07A6919F-A3E7-4531-8A2E-609F6D1EBDE5} = {69106704-A55E-4D89-A8D8-70F2BFF0A6D5}
		{E0ADA333-F56F-4FD2-8429-22571B0CD2EC} = {37789A8C-8DC9-4482-9B8D-539ACC6454FA}
		{D9D7179A-F9DC-4595-9C15-00E700A1C2F4} = {52986465-EDF0-4ED5-90B4-BA58D20F7289}
		{5E48C61B-0F67-4D84-BB0E-CAAB3C91886E} = {57001A98-42AB-45C8-B272-801847AF70AD}
		{E04414CC-0733-491E-A886-53C9439748D1} = {67D1827E-E59D-4949-BE75-092DD29E7E49}
		{343BD5D6-EE14-4460-BD1E-3000801F1805} = {F13DAFDF-B3F5-4B7B-835C-4EA277E0F0B5}
		{1B1B6961-79F6-479F-9A94-1DDDA67260B5} = {38B080EC-2868-4F37-8B2E-96242EE5AE7D}
		{7F4BE5EB-D901-459B-BB56-AEB8171EE5C1} = {A7C1CECB-478C-4CF5-95F7-6AAAD462ECC0}
		{2D35A726-40CD-4BDA-A127-BF8768DB88CE} = {1C598549-FF22-488B-9598-2591CDE40C3E}
		{23DB6590-A9A3-413D-A886-7460A5D49BE3} = {774EC6BB-AE88-47BA-96DD-ED72D7634C85}
		{0085564B-EA29-4B18-9F36-7328A736F9DB} = {120EB0C0-9959-404E-B7A3-D7D11EB29860}
		{B283539E-E5BE-4B3D-B57B-078F8BF7713A} = {4C5921DD-529C-4EA9-8D5B-C71B7D78ED4E}
		{83C4618F-3DAF-434C-BF85-E157102BFCDE} = {928F0B0C-5E48-42C4-9B22-D81DED1EC892}
	EndGlobalSection
	GlobalSection(ExtensibilityGlobals) = postSolution
		SolutionGuid = {D739A569-4655-4DFC-9CD6-4A466130E738}
	EndGlobalSection
EndGlobal
